github.com/Shyp/go-dberror v0.0.0-20180123195207-36ecba57721e h1:IZUh3h8z+h/7feJrZvvE9wAsL6//9T/D1VYLHEejNtY=
github.com/Shyp/go-dberror v0.0.0-20180123195207-36ecba57721e/go.mod h1:MhWOxc4KCt6KrmX1kPy9pI8Rx1ZA3IXjI2OHmMURdwA=
github.com/badoux/checkmail v1.2.1 h1:TzwYx5pnsV6anJweMx2auXdekBwGr/yt1GgalIx9nBQ=
github.com/badoux/checkmail v1.2.1/go.mod h1:XroCOBU5zzZJcLvgwU15I+2xXyCdTWXyR9MGfRhBYy0=
github.com/brianvoe/gofakeit v1.2.0 h1:GGbzCqQx9ync4ObAUhRa3F/M73eL9VZL3X09WoTwphM=
github.com/brianvoe/gofakeit v3.18.0+incompatible h1:wDOmHc9DLG4nRjUVVaxA+CEglKOW72Y5+4WNxUIkjM8=
github.com/brianvoe/gofakeit/v5 v5.11.1 h1:PxJu5+or2fM+MqEwLsKc7GmWzRXNHDzvbo4Xvj0J1o4=
github.com/brianvoe/gofakeit/v5 v5.11.1/go.mod h1:/ZENnKqX+XrN8SORLe/fu5lZDIo1tuPncWuRD+eyhSI=
github.com/davecgh/go-spew v1.1.0 h1:ZDRjVQ15GmhC3fiQ8ni8+OwkZQO4DARzQgrnXU1Liz8=
github.com/davecgh/go-spew v1.1.0/go.mod h1:J7Y8YcW2NihsgmVo/mv3lAwl/skON4iLHjSsI+c5H38=
github.com/golang/glog v0.0.0-20160126235308-23def4e6c14b h1:VKtxabqXZkF25pY9ekfRL6a582T4P37/31XEstQ5p58=
github.com/golang/glog v0.0.0-20160126235308-23def4e6c14b/go.mod h1:SBH7ygxi8pfUlaOkMMuAQtPIUF8ecWP5IEl/CR7VP2Q=
github.com/google/uuid v1.1.2 h1:EVhdT+1Kseyi1/pUmXKaFxYsDNy9RQYkMWRH68J/W7Y=
github.com/google/uuid v1.1.2/go.mod h1:TIyPZe4MgqvfeYDBFedMoGGpEw/LqOeaOT+nhxU+yHo=
github.com/gorilla/mux v1.8.0 h1:i40aqfkR1h2SlN9hojwV5ZA91wcXFOvkdNIeFDP5koI=
github.com/gorilla/mux v1.8.0/go.mod h1:DVbg23sWSpFRCP0SfiEN6jmj59UnW/n46BH5rLB71So=
github.com/lib/pq v1.9.0 h1:L8nSXQQzAYByakOFMTwpjRoHsMJklur4Gi59b6VivR8=
github.com/lib/pq v1.9.0/go.mod h1:AlVN5x4E4T544tWzH6hKfbfQvm3HdbOxrmggDNAPY9o=
github.com/pkg/errors v0.9.1 h1:FEBLx1zS214owpjy7qsBeixbURkuhQAwrK5UwLGTwt4=
github.com/pkg/errors v0.9.1/go.mod h1:bwawxfHBFNV+L2hUp1rHADufV3IMtnDRdf1r5NINEl0=
github.com/pmezard/go-difflib v1.0.0 h1:4DBwDE0NGyQoBHbLQYPwSUPoCMWR5BEzIk/f1lZbAQM=
github.com/pmezard/go-difflib v1.0.0/go.mod h1:iKH77koFhYxTK1pcRnkKkqfTogsbg7gZNVY4sRDYZ/4=
github.com/stretchr/objx v0.1.0/go.mod h1:HFkY916IF+rwdDfMAkV7OtwuqBVzrE8GR6GFx+wExME=
github.com/stretchr/testify v1.6.1 h1:hDPOHmpOpP40lSULcqw7IrRb/u7w6RpDC9399XyoNd0=
github.com/stretchr/testify v1.6.1/go.mod h1:6Fq8oRcR53rry900zMqJjRRixrwX3KX962/h/Wwjteg=
gopkg.in/check.v1 v0.0.0-20161208181325-20d25e280405/go.mod h1:Co6ibVJAznAaIkqp8huTwlJQCZ016jof/cbN4VW5Yz0=
gopkg.in/yaml.v3 v3.0.0-20200313102051-9f266ea9e77c h1:dUUwHk2QECo/6vqA44rthZ8ie2QXMNeKRTHCNY2nXvo=
gopkg.in/yaml.v3 v3.0.0-20200313102051-9f266ea9e77c/go.mod h1:K4uyk7z7BCEPqu6E+C64Yfv1cQ7kz7rIZviUmN+EgEM=
